// !$*UTF8*$!
{
	archiveVersion = 1;
	classes = {
	};
	objectVersion = 56;
	objects = {

/* Begin PBXBuildFile section */
		A10000000000000000000001 /* TuteurSamuelApp.swift in Sources */ = {isa = PBXBuildFile; fileRef = A20000000000000000000001 /* TuteurSamuelApp.swift */; };
		A10000000000000000000002 /* ContentView.swift in Sources */ = {isa = PBXBuildFile; fileRef = A20000000000000000000002 /* ContentView.swift */; };
		A10000000000000000000003 /* Models.swift in Sources */ = {isa = PBXBuildFile; fileRef = A20000000000000000000003 /* Models.swift */; };
		A10000000000000000000004 /* APIClient.swift in Sources */ = {isa = PBXBuildFile; fileRef = A20000000000000000000004 /* APIClient.swift */; };
		A10000000000000000000005 /* ArchiveStore.swift in Sources */ = {isa = PBXBuildFile; fileRef = A20000000000000000000005 /* ArchiveStore.swift */; };
		A10000000000000000000006 /* HomeworkViewModel.swift in Sources */ = {isa = PBXBuildFile; fileRef = A20000000000000000000006 /* HomeworkViewModel.swift */; };
		A10000000000000000000007 /* PencilCanvasView.swift in Sources */ = {isa = PBXBuildFile; fileRef = A20000000000000000000007 /* PencilCanvasView.swift */; };
		A10000000000000000000008 /* ImagePicker.swift in Sources */ = {isa = PBXBuildFile; fileRef = A20000000000000000000008 /* ImagePicker.swift */; };
		A10000000000000000000009 /* VoiceWebView.swift in Sources */ = {isa = PBXBuildFile; fileRef = A20000000000000000000009 /* VoiceWebView.swift */; };
		A1000000000000000000000A /* Assets.xcassets in Resources */ = {isa = PBXBuildFile; fileRef = A2000000000000000000000A /* Assets.xcassets */; };
/* End PBXBuildFile section */

/* Begin PBXFileReference section */
		A20000000000000000000001 /* TuteurSamuelApp.swift */ = {isa = PBXFileReference; lastKnownFileType = sourcecode.swift; path = TuteurSamuelApp.swift; sourceTree = "<group>"; };
		A20000000000000000000002 /* ContentView.swift */ = {isa = PBXFileReference; lastKnownFileType = sourcecode.swift; path = ContentView.swift; sourceTree = "<group>"; };
		A20000000000000000000003 /* Models.swift */ = {isa = PBXFileReference; lastKnownFileType = sourcecode.swift; path = Models.swift; sourceTree = "<group>"; };
		A20000000000000000000004 /* APIClient.swift */ = {isa = PBXFileReference; lastKnownFileType = sourcecode.swift; path = APIClient.swift; sourceTree = "<group>"; };
		A20000000000000000000005 /* ArchiveStore.swift */ = {isa = PBXFileReference; lastKnownFileType = sourcecode.swift; path = ArchiveStore.swift; sourceTree = "<group>"; };
		A20000000000000000000006 /* HomeworkViewModel.swift */ = {isa = PBXFileReference; lastKnownFileType = sourcecode.swift; path = HomeworkViewModel.swift; sourceTree = "<group>"; };
		A20000000000000000000007 /* PencilCanvasView.swift */ = {isa = PBXFileReference; lastKnownFileType = sourcecode.swift; path = PencilCanvasView.swift; sourceTree = "<group>"; };
		A20000000000000000000008 /* ImagePicker.swift */ = {isa = PBXFileReference; lastKnownFileType = sourcecode.swift; path = ImagePicker.swift; sourceTree = "<group>"; };
		A20000000000000000000009 /* VoiceWebView.swift */ = {isa = PBXFileReference; lastKnownFileType = sourcecode.swift; path = VoiceWebView.swift; sourceTree = "<group>"; };
		A2000000000000000000000A /* Assets.xcassets */ = {isa = PBXFileReference; lastKnownFileType = folder.assetcatalog; path = Assets.xcassets; sourceTree = "<group>"; };
		A2000000000000000000000B /* TuteurSamuel.app */ = {isa = PBXFileReference; explicitFileType = wrapper.application; includeInIndex = 0; path = TuteurSamuel.app; sourceTree = BUILT_PRODUCTS_DIR; };
/* End PBXFileReference section */

/* Begin PBXFrameworksBuildPhase section */
		A30000000000000000000001 /* Frameworks */ = {
			isa = PBXFrameworksBuildPhase;
			buildActionMask = 2147483647;
			files = (
			);
			runOnlyForDeploymentPostprocessing = 0;
		};
/* End PBXFrameworksBuildPhase section */

/* Begin PBXGroup section */
		A40000000000000000000001 = {
			isa = PBXGroup;
			children = (
				A40000000000000000000002 /* TuteurSamuel */,
				A40000000000000000000003 /* Products */,
			);
			sourceTree = "<group>";
		};
		A40000000000000000000002 /* TuteurSamuel */ = {
			isa = PBXGroup;
			children = (
				A20000000000000000000001 /* TuteurSamuelApp.swift */,
				A20000000000000000000002 /* ContentView.swift */,
				A20000000000000000000003 /* Models.swift */,
				A20000000000000000000004 /* APIClient.swift */,
				A20000000000000000000005 /* ArchiveStore.swift */,
				A20000000000000000000006 /* HomeworkViewModel.swift */,
				A20000000000000000000007 /* PencilCanvasView.swift */,
				A20000000000000000000008 /* ImagePicker.swift */,
				A20000000000000000000009 /* VoiceWebView.swift */,
				A2000000000000000000000A /* Assets.xcassets */,
			);
			path = TuteurSamuel;
			sourceTree = "<group>";
		};
		A40000000000000000000003 /* Products */ = {
			isa = PBXGroup;
			children = (
				A2000000000000000000000B /* TuteurSamuel.app */,
			);
			name = Products;
			sourceTree = "<group>";
		};
/* End PBXGroup section */

/* Begin PBXNativeTarget section */
		A50000000000000000000001 /* TuteurSamuel */ = {
			isa = PBXNativeTarget;
			buildConfigurationList = A90000000000000000000002 /* Build configuration list for PBXNativeTarget "TuteurSamuel" */;
			buildPhases = (
				A60000000000000000000001 /* Sources */,
				A30000000000000000000001 /* Frameworks */,
				A70000000000000000000001 /* Resources */,
			);
			buildRules = (
			);
			dependencies = (
			);
			name = TuteurSamuel;
			productName = TuteurSamuel;
			productReference = A2000000000000000000000B /* TuteurSamuel.app */;
			productType = "com.apple.product-type.application";
		};
/* End PBXNativeTarget section */

/* Begin PBXProject section */
		A80000000000000000000001 /* Project object */ = {
			isa = PBXProject;
			attributes = {
				BuildIndependentTargetsInParallel = 1;
				LastSwiftUpdateCheck = 1600;
				LastUpgradeCheck = 1600;
				TargetAttributes = {
					A50000000000000000000001 = {
						CreatedOnToolsVersion = 16.0;
					};
				};
			};
			buildConfigurationList = A90000000000000000000001 /* Build configuration list for PBXProject "TuteurSamuel" */;
			compatibilityVersion = "Xcode 14.0";
			developmentRegion = fr;
			hasScannedForEncodings = 0;
			knownRegions = (
				fr,
				en,
				Base,
			);
			mainGroup = A40000000000000000000001;
			productRefGroup = A40000000000000000000003 /* Products */;
			projectDirPath = "";
			projectRoot = "";
			targets = (
				A50000000000000000000001 /* TuteurSamuel */,
			);
		};
/* End PBXProject section */

/* Begin PBXResourcesBuildPhase section */
		A70000000000000000000001 /* Resources */ = {
			isa = PBXResourcesBuildPhase;
			buildActionMask = 2147483647;
			files = (
				A1000000000000000000000A /* Assets.xcassets in Resources */,
			);
			runOnlyForDeploymentPostprocessing = 0;
		};
/* End PBXResourcesBuildPhase section */

/* Begin PBXSourcesBuildPhase section */
		A60000000000000000000001 /* Sources */ = {
			isa = PBXSourcesBuildPhase;
			buildActionMask = 2147483647;
			files = (
				A10000000000000000000001 /* TuteurSamuelApp.swift in Sources */,
				A10000000000000000000002 /* ContentView.swift in Sources */,
				A10000000000000000000003 /* Models.swift in Sources */,
				A10000000000000000000004 /* APIClient.swift in Sources */,
				A10000000000000000000005 /* ArchiveStore.swift in Sources */,
				A10000000000000000000006 /* HomeworkViewModel.swift in Sources */,
				A10000000000000000000007 /* PencilCanvasView.swift in Sources */,
				A10000000000000000000008 /* ImagePicker.swift in Sources */,
				A10000000000000000000009 /* VoiceWebView.swift in Sources */,
			);
			runOnlyForDeploymentPostprocessing = 0;
		};
/* End PBXSourcesBuildPhase section */

/* Begin XCBuildConfiguration section */
		AA0000000000000000000001 /* Debug */ = {
			isa = XCBuildConfiguration;
			buildSettings = {
				ALWAYS_SEARCH_USER_PATHS = NO;
				CLANG_ENABLE_MODULES = YES;
				CLANG_ENABLE_OBJC_ARC = YES;
				COPY_PHASE_STRIP = NO;
				DEBUG_INFORMATION_FORMAT = dwarf;
				ENABLE_TESTABILITY = YES;
				GCC_C_LANGUAGE_STANDARD = gnu17;
				GCC_OPTIMIZATION_LEVEL = 0;
				MTL_ENABLE_DEBUG_INFO = INCLUDE_SOURCE;
				ONLY_ACTIVE_ARCH = YES;
				SWIFT_ACTIVE_COMPILATION_CONDITIONS = "DEBUG $(inherited)";
				SWIFT_OPTIMIZATION_LEVEL = "-Onone";
			};
			name = Debug;
		};
		AA0000000000000000000002 /* Release */ = {
			isa = XCBuildConfiguration;
			buildSettings = {
				ALWAYS_SEARCH_USER_PATHS = NO;
				CLANG_ENABLE_MODULES = YES;
				CLANG_ENABLE_OBJC_ARC = YES;
				COPY_PHASE_STRIP = NO;
				DEBUG_INFORMATION_FORMAT = "dwarf-with-dsym";
				ENABLE_NS_ASSERTIONS = NO;
				GCC_C_LANGUAGE_STANDARD = gnu17;
				MTL_ENABLE_DEBUG_INFO = NO;
				SWIFT_COMPILATION_MODE = wholemodule;
				SWIFT_OPTIMIZATION_LEVEL = "-O";
			};
			name = Release;
		};
		AA0000000000000000000003 /* Debug */ = {
			isa = XCBuildConfiguration;
			buildSettings = {
				ASSETCATALOG_COMPILER_GLOBAL_ACCENT_COLOR_NAME = AccentColor;
				CODE_SIGN_STYLE = Automatic;
				CURRENT_PROJECT_VERSION = 1;
				GENERATE_INFOPLIST_FILE = YES;
				INFOPLIST_KEY_CFBundleDisplayName = "Tuteur Samuel";
				INFOPLIST_KEY_NSCameraUsageDescription = "Prendre une photo du devoir.";
				INFOPLIST_KEY_NSLocalNetworkUsageDescription = "Communiquer avec le serveur Tuteur Samuel sur le Mac.";
				INFOPLIST_KEY_NSMicrophoneUsageDescription = "Parler au tuteur pendant une conversation Live.";
				INFOPLIST_KEY_NSPhotoLibraryUsageDescription = "Choisir une photo du devoir.";
				INFOPLIST_KEY_UIApplicationSceneManifest_Generation = YES;
				INFOPLIST_KEY_UIApplicationSupportsIndirectInputEvents = YES;
				INFOPLIST_KEY_UILaunchScreen_Generation = YES;
				IPHONEOS_DEPLOYMENT_TARGET = 17.0;
				LD_RUNPATH_SEARCH_PATHS = "$(inherited) @executable_path/Frameworks";
				MARKETING_VERSION = 0.1;
				PRODUCT_BUNDLE_IDENTIFIER = com.gerylaurent.TuteurSamuel;
				PRODUCT_NAME = "$(TARGET_NAME)";
				SDKROOT = iphoneos;
				SUPPORTED_PLATFORMS = "iphoneos iphonesimulator";
				SUPPORTS_MACCATALYST = NO;
				SWIFT_EMIT_LOC_STRINGS = YES;
				SWIFT_VERSION = 5.0;
				TARGETED_DEVICE_FAMILY = 2;
			};
			name = Debug;
		};
		AA0000000000000000000004 /* Release */ = {
			isa = XCBuildConfiguration;
			buildSettings = {
				ASSETCATALOG_COMPILER_GLOBAL_ACCENT_COLOR_NAME = AccentColor;
				CODE_SIGN_STYLE = Automatic;
				CURRENT_PROJECT_VERSION = 1;
				GENERATE_INFOPLIST_FILE = YES;
				INFOPLIST_KEY_CFBundleDisplayName = "Tuteur Samuel";
				INFOPLIST_KEY_NSCameraUsageDescription = "Prendre une photo du devoir.";
				INFOPLIST_KEY_NSLocalNetworkUsageDescription = "Communiquer avec le serveur Tuteur Samuel sur le Mac.";
				INFOPLIST_KEY_NSMicrophoneUsageDescription = "Parler au tuteur pendant une conversation Live.";
				INFOPLIST_KEY_NSPhotoLibraryUsageDescription = "Choisir une photo du devoir.";
				INFOPLIST_KEY_UIApplicationSceneManifest_Generation = YES;
				INFOPLIST_KEY_UIApplicationSupportsIndirectInputEvents = YES;
				INFOPLIST_KEY_UILaunchScreen_Generation = YES;
				IPHONEOS_DEPLOYMENT_TARGET = 17.0;
				LD_RUNPATH_SEARCH_PATHS = "$(inherited) @executable_path/Frameworks";
				MARKETING_VERSION = 0.1;
				PRODUCT_BUNDLE_IDENTIFIER = com.gerylaurent.TuteurSamuel;
				PRODUCT_NAME = "$(TARGET_NAME)";
				SDKROOT = iphoneos;
				SUPPORTED_PLATFORMS = "iphoneos iphonesimulator";
				SUPPORTS_MACCATALYST = NO;
				SWIFT_EMIT_LOC_STRINGS = YES;
				SWIFT_VERSION = 5.0;
				TARGETED_DEVICE_FAMILY = 2;
			};
			name = Release;
		};
/* End XCBuildConfiguration section */

/* Begin XCConfigurationList section */
		A90000000000000000000001 /* Build configuration list for PBXProject "TuteurSamuel" */ = {
			isa = XCConfigurationList;
			buildConfigurations = (
				AA0000000000000000000001 /* Debug */,
				AA0000000000000000000002 /* Release */,
			);
			defaultConfigurationIsVisible = 0;
			defaultConfigurationName = Release;
		};
		A90000000000000000000002 /* Build configuration list for PBXNativeTarget "TuteurSamuel" */ = {
			isa = XCConfigurationList;
			buildConfigurations = (
				AA0000000000000000000003 /* Debug */,
				AA0000000000000000000004 /* Release */,
			);
			defaultConfigurationIsVisible = 0;
			defaultConfigurationName = Release;
		};
/* End XCConfigurationList section */
	};
	rootObject = A80000000000000000000001 /* Project object */;
}
